
Microsoft Visual Studio Solution File, Format Version 11.00
# Visual Studio 2010
Project("{FAE04EC0-301F-11D3-BF4B-00C04F79EFBC}") = "WindowManager", "WindowManager\WindowManager.csproj", "{38927F70-CAB5-4419-9807-FE5B3AB3FEC7}"
EndProject
Project("{FAE04EC0-301F-11D3-BF4B-00C04F79EFBC}") = "CoreAudioApi", "..\..\External\CoreAudio2_Src\CoreAudioApi\CoreAudioApi.csproj", "{9F1076AA-63DF-4128-9C10-FD65E425C783}"
EndProject
Project("{FAE04EC0-301F-11D3-BF4B-00C04F79EFBC}") = "PInvoke", "..\..\Libraries\PInvoke\PInvoke.csproj", "{41AAF496-82E7-47C0-B250-462D8017D081}"
EndProject
Project("{FAE04EC0-301F-11D3-BF4B-00C04F79EFBC}") = "Utilities", "..\..\Libraries\Utilities\Utilities.csproj", "{0299B0DB-77E3-4FA4-99E3-D35EE6701B4C}"
EndProject
Global
	GlobalSection(SolutionConfigurationPlatforms) = preSolution
		Debug|Any CPU = Debug|Any CPU
		Debug|Mixed Platforms = Debug|Mixed Platforms
		Debug|x86 = Debug|x86
		Deploy|Any CPU = Deploy|Any CPU
		Deploy|Mixed Platforms = Deploy|Mixed Platforms
		Deploy|x86 = Deploy|x86
		Mgmt Release|Any CPU = Mgmt Release|Any CPU
		Mgmt Release|Mixed Platforms = Mgmt Release|Mixed Platforms
		Mgmt Release|x86 = Mgmt Release|x86
		Release|Any CPU = Release|Any CPU
		Release|Mixed Platforms = Release|Mixed Platforms
		Release|x86 = Release|x86
		Test Local|Any CPU = Test Local|Any CPU
		Test Local|Mixed Platforms = Test Local|Mixed Platforms
		Test Local|x86 = Test Local|x86
		Test Remote|Any CPU = Test Remote|Any CPU
		Test Remote|Mixed Platforms = Test Remote|Mixed Platforms
		Test Remote|x86 = Test Remote|x86
		WebShowInfo Release|Any CPU = WebShowInfo Release|Any CPU
		WebShowInfo Release|Mixed Platforms = WebShowInfo Release|Mixed Platforms
		WebShowInfo Release|x86 = WebShowInfo Release|x86
		Website Test Remote|Any CPU = Website Test Remote|Any CPU
		Website Test Remote|Mixed Platforms = Website Test Remote|Mixed Platforms
		Website Test Remote|x86 = Website Test Remote|x86
		Website Test|Any CPU = Website Test|Any CPU
		Website Test|Mixed Platforms = Website Test|Mixed Platforms
		Website Test|x86 = Website Test|x86
	EndGlobalSection
	GlobalSection(ProjectConfigurationPlatforms) = postSolution
		{38927F70-CAB5-4419-9807-FE5B3AB3FEC7}.Debug|Any CPU.ActiveCfg = Debug|x86
		{38927F70-CAB5-4419-9807-FE5B3AB3FEC7}.Debug|Mixed Platforms.ActiveCfg = Debug|x86
		{38927F70-CAB5-4419-9807-FE5B3AB3FEC7}.Debug|Mixed Platforms.Build.0 = Debug|x86
		{38927F70-CAB5-4419-9807-FE5B3AB3FEC7}.Debug|x86.ActiveCfg = Debug|x86
		{38927F70-CAB5-4419-9807-FE5B3AB3FEC7}.Debug|x86.Build.0 = Debug|x86
		{38927F70-CAB5-4419-9807-FE5B3AB3FEC7}.Deploy|Any CPU.ActiveCfg = Deploy|x86
		{38927F70-CAB5-4419-9807-FE5B3AB3FEC7}.Deploy|Mixed Platforms.ActiveCfg = Deploy|x86
		{38927F70-CAB5-4419-9807-FE5B3AB3FEC7}.Deploy|Mixed Platforms.Build.0 = Deploy|x86
		{38927F70-CAB5-4419-9807-FE5B3AB3FEC7}.Deploy|x86.ActiveCfg = Deploy|x86
		{38927F70-CAB5-4419-9807-FE5B3AB3FEC7}.Deploy|x86.Build.0 = Deploy|x86
		{38927F70-CAB5-4419-9807-FE5B3AB3FEC7}.Mgmt Release|Any CPU.ActiveCfg = Release|x86
		{38927F70-CAB5-4419-9807-FE5B3AB3FEC7}.Mgmt Release|Mixed Platforms.ActiveCfg = Release|x86
		{38927F70-CAB5-4419-9807-FE5B3AB3FEC7}.Mgmt Release|Mixed Platforms.Build.0 = Release|x86
		{38927F70-CAB5-4419-9807-FE5B3AB3FEC7}.Mgmt Release|x86.ActiveCfg = Release|x86
		{38927F70-CAB5-4419-9807-FE5B3AB3FEC7}.Mgmt Release|x86.Build.0 = Release|x86
		{38927F70-CAB5-4419-9807-FE5B3AB3FEC7}.Release|Any CPU.ActiveCfg = Release|x86
		{38927F70-CAB5-4419-9807-FE5B3AB3FEC7}.Release|Mixed Platforms.ActiveCfg = Release|x86
		{38927F70-CAB5-4419-9807-FE5B3AB3FEC7}.Release|Mixed Platforms.Build.0 = Release|x86
		{38927F70-CAB5-4419-9807-FE5B3AB3FEC7}.Release|x86.ActiveCfg = Release|x86
		{38927F70-CAB5-4419-9807-FE5B3AB3FEC7}.Release|x86.Build.0 = Release|x86
		{38927F70-CAB5-4419-9807-FE5B3AB3FEC7}.Test Local|Any CPU.ActiveCfg = Deploy|x86
		{38927F70-CAB5-4419-9807-FE5B3AB3FEC7}.Test Local|Mixed Platforms.ActiveCfg = Deploy|x86
		{38927F70-CAB5-4419-9807-FE5B3AB3FEC7}.Test Local|Mixed Platforms.Build.0 = Deploy|x86
		{38927F70-CAB5-4419-9807-FE5B3AB3FEC7}.Test Local|x86.ActiveCfg = Deploy|x86
		{38927F70-CAB5-4419-9807-FE5B3AB3FEC7}.Test Local|x86.Build.0 = Deploy|x86
		{38927F70-CAB5-4419-9807-FE5B3AB3FEC7}.Test Remote|Any CPU.ActiveCfg = Deploy|x86
		{38927F70-CAB5-4419-9807-FE5B3AB3FEC7}.Test Remote|Mixed Platforms.ActiveCfg = Deploy|x86
		{38927F70-CAB5-4419-9807-FE5B3AB3FEC7}.Test Remote|Mixed Platforms.Build.0 = Deploy|x86
		{38927F70-CAB5-4419-9807-FE5B3AB3FEC7}.Test Remote|x86.ActiveCfg = Deploy|x86
		{38927F70-CAB5-4419-9807-FE5B3AB3FEC7}.Test Remote|x86.Build.0 = Deploy|x86
		{38927F70-CAB5-4419-9807-FE5B3AB3FEC7}.WebShowInfo Release|Any CPU.ActiveCfg = Release|x86
		{38927F70-CAB5-4419-9807-FE5B3AB3FEC7}.WebShowInfo Release|Mixed Platforms.ActiveCfg = Release|x86
		{38927F70-CAB5-4419-9807-FE5B3AB3FEC7}.WebShowInfo Release|Mixed Platforms.Build.0 = Release|x86
		{38927F70-CAB5-4419-9807-FE5B3AB3FEC7}.WebShowInfo Release|x86.ActiveCfg = Release|x86
		{38927F70-CAB5-4419-9807-FE5B3AB3FEC7}.WebShowInfo Release|x86.Build.0 = Release|x86
		{38927F70-CAB5-4419-9807-FE5B3AB3FEC7}.Website Test Remote|Any CPU.ActiveCfg = Deploy|x86
		{38927F70-CAB5-4419-9807-FE5B3AB3FEC7}.Website Test Remote|Mixed Platforms.ActiveCfg = Deploy|x86
		{38927F70-CAB5-4419-9807-FE5B3AB3FEC7}.Website Test Remote|Mixed Platforms.Build.0 = Deploy|x86
		{38927F70-CAB5-4419-9807-FE5B3AB3FEC7}.Website Test Remote|x86.ActiveCfg = Deploy|x86
		{38927F70-CAB5-4419-9807-FE5B3AB3FEC7}.Website Test Remote|x86.Build.0 = Deploy|x86
		{38927F70-CAB5-4419-9807-FE5B3AB3FEC7}.Website Test|Any CPU.ActiveCfg = Deploy|x86
		{38927F70-CAB5-4419-9807-FE5B3AB3FEC7}.Website Test|Mixed Platforms.ActiveCfg = Deploy|x86
		{38927F70-CAB5-4419-9807-FE5B3AB3FEC7}.Website Test|Mixed Platforms.Build.0 = Deploy|x86
		{38927F70-CAB5-4419-9807-FE5B3AB3FEC7}.Website Test|x86.ActiveCfg = Deploy|x86
		{38927F70-CAB5-4419-9807-FE5B3AB3FEC7}.Website Test|x86.Build.0 = Deploy|x86
		{9F1076AA-63DF-4128-9C10-FD65E425C783}.Debug|Any CPU.ActiveCfg = Debug|Any CPU
		{9F1076AA-63DF-4128-9C10-FD65E425C783}.Debug|Any CPU.Build.0 = Debug|Any CPU
		{9F1076AA-63DF-4128-9C10-FD65E425C783}.Debug|Mixed Platforms.ActiveCfg = Debug|x86
		{9F1076AA-63DF-4128-9C10-FD65E425C783}.Debug|Mixed Platforms.Build.0 = Debug|x86
		{9F1076AA-63DF-4128-9C10-FD65E425C783}.Debug|x86.ActiveCfg = Debug|x86
		{9F1076AA-63DF-4128-9C10-FD65E425C783}.Debug|x86.Build.0 = Debug|x86
		{9F1076AA-63DF-4128-9C10-FD65E425C783}.Deploy|Any CPU.ActiveCfg = Deploy|Any CPU
		{9F1076AA-63DF-4128-9C10-FD65E425C783}.Deploy|Any CPU.Build.0 = Deploy|Any CPU
		{9F1076AA-63DF-4128-9C10-FD65E425C783}.Deploy|Mixed Platforms.ActiveCfg = Deploy|x86
		{9F1076AA-63DF-4128-9C10-FD65E425C783}.Deploy|Mixed Platforms.Build.0 = Deploy|x86
		{9F1076AA-63DF-4128-9C10-FD65E425C783}.Deploy|x86.ActiveCfg = Deploy|x86
		{9F1076AA-63DF-4128-9C10-FD65E425C783}.Deploy|x86.Build.0 = Deploy|x86
		{9F1076AA-63DF-4128-9C10-FD65E425C783}.Mgmt Release|Any CPU.ActiveCfg = Release|Any CPU
		{9F1076AA-63DF-4128-9C10-FD65E425C783}.Mgmt Release|Any CPU.Build.0 = Release|Any CPU
		{9F1076AA-63DF-4128-9C10-FD65E425C783}.Mgmt Release|Mixed Platforms.ActiveCfg = Release|x86
		{9F1076AA-63DF-4128-9C10-FD65E425C783}.Mgmt Release|Mixed Platforms.Build.0 = Release|x86
		{9F1076AA-63DF-4128-9C10-FD65E425C783}.Mgmt Release|x86.ActiveCfg = Release|x86
		{9F1076AA-63DF-4128-9C10-FD65E425C783}.Mgmt Release|x86.Build.0 = Release|x86
		{9F1076AA-63DF-4128-9C10-FD65E425C783}.Release|Any CPU.ActiveCfg = Release|Any CPU
		{9F1076AA-63DF-4128-9C10-FD65E425C783}.Release|Any CPU.Build.0 = Release|Any CPU
		{9F1076AA-63DF-4128-9C10-FD65E425C783}.Release|Mixed Platforms.ActiveCfg = Release|x86
		{9F1076AA-63DF-4128-9C10-FD65E425C783}.Release|Mixed Platforms.Build.0 = Release|x86
		{9F1076AA-63DF-4128-9C10-FD65E425C783}.Release|x86.ActiveCfg = Release|x86
		{9F1076AA-63DF-4128-9C10-FD65E425C783}.Release|x86.Build.0 = Release|x86
		{9F1076AA-63DF-4128-9C10-FD65E425C783}.Test Local|Any CPU.ActiveCfg = Deploy|x86
		{9F1076AA-63DF-4128-9C10-FD65E425C783}.Test Local|Mixed Platforms.ActiveCfg = Deploy|x86
		{9F1076AA-63DF-4128-9C10-FD65E425C783}.Test Local|Mixed Platforms.Build.0 = Deploy|x86
		{9F1076AA-63DF-4128-9C10-FD65E425C783}.Test Local|x86.ActiveCfg = Deploy|x86
		{9F1076AA-63DF-4128-9C10-FD65E425C783}.Test Local|x86.Build.0 = Deploy|x86
		{9F1076AA-63DF-4128-9C10-FD65E425C783}.Test Remote|Any CPU.ActiveCfg = Deploy|x86
		{9F1076AA-63DF-4128-9C10-FD65E425C783}.Test Remote|Mixed Platforms.ActiveCfg = Deploy|x86
		{9F1076AA-63DF-4128-9C10-FD65E425C783}.Test Remote|Mixed Platforms.Build.0 = Deploy|x86
		{9F1076AA-63DF-4128-9C10-FD65E425C783}.Test Remote|x86.ActiveCfg = Deploy|x86
		{9F1076AA-63DF-4128-9C10-FD65E425C783}.Test Remote|x86.Build.0 = Deploy|x86
		{9F1076AA-63DF-4128-9C10-FD65E425C783}.WebShowInfo Release|Any CPU.ActiveCfg = Release|Any CPU
		{9F1076AA-63DF-4128-9C10-FD65E425C783}.WebShowInfo Release|Any CPU.Build.0 = Release|Any CPU
		{9F1076AA-63DF-4128-9C10-FD65E425C783}.WebShowInfo Release|Mixed Platforms.ActiveCfg = Release|x86
		{9F1076AA-63DF-4128-9C10-FD65E425C783}.WebShowInfo Release|Mixed Platforms.Build.0 = Release|x86
		{9F1076AA-63DF-4128-9C10-FD65E425C783}.WebShowInfo Release|x86.ActiveCfg = Release|x86
		{9F1076AA-63DF-4128-9C10-FD65E425C783}.WebShowInfo Release|x86.Build.0 = Release|x86
		{9F1076AA-63DF-4128-9C10-FD65E425C783}.Website Test Remote|Any CPU.ActiveCfg = Deploy|x86
		{9F1076AA-63DF-4128-9C10-FD65E425C783}.Website Test Remote|Mixed Platforms.ActiveCfg = Deploy|x86
		{9F1076AA-63DF-4128-9C10-FD65E425C783}.Website Test Remote|Mixed Platforms.Build.0 = Deploy|x86
		{9F1076AA-63DF-4128-9C10-FD65E425C783}.Website Test Remote|x86.ActiveCfg = Deploy|x86
		{9F1076AA-63DF-4128-9C10-FD65E425C783}.Website Test Remote|x86.Build.0 = Deploy|x86
		{9F1076AA-63DF-4128-9C10-FD65E425C783}.Website Test|Any CPU.ActiveCfg = Deploy|x86
		{9F1076AA-63DF-4128-9C10-FD65E425C783}.Website Test|Mixed Platforms.ActiveCfg = Deploy|x86
		{9F1076AA-63DF-4128-9C10-FD65E425C783}.Website Test|Mixed Platforms.Build.0 = Deploy|x86
		{9F1076AA-63DF-4128-9C10-FD65E425C783}.Website Test|x86.ActiveCfg = Deploy|x86
		{9F1076AA-63DF-4128-9C10-FD65E425C783}.Website Test|x86.Build.0 = Deploy|x86
		{41AAF496-82E7-47C0-B250-462D8017D081}.Debug|Any CPU.ActiveCfg = Debug|Any CPU
		{41AAF496-82E7-47C0-B250-462D8017D081}.Debug|Any CPU.Build.0 = Debug|Any CPU
		{41AAF496-82E7-47C0-B250-462D8017D081}.Debug|Mixed Platforms.ActiveCfg = Debug|Any CPU
		{41AAF496-82E7-47C0-B250-462D8017D081}.Debug|Mixed Platforms.Build.0 = Debug|Any CPU
		{41AAF496-82E7-47C0-B250-462D8017D081}.Debug|x86.ActiveCfg = Debug|Any CPU
		{41AAF496-82E7-47C0-B250-462D8017D081}.Deploy|Any CPU.ActiveCfg = Deploy|Any CPU
		{41AAF496-82E7-47C0-B250-462D8017D081}.Deploy|Any CPU.Build.0 = Deploy|Any CPU
		{41AAF496-82E7-47C0-B250-462D8017D081}.Deploy|Mixed Platforms.ActiveCfg = Deploy|x86
		{41AAF496-82E7-47C0-B250-462D8017D081}.Deploy|Mixed Platforms.Build.0 = Deploy|x86
		{41AAF496-82E7-47C0-B250-462D8017D081}.Deploy|x86.ActiveCfg = Deploy|x86
		{41AAF496-82E7-47C0-B250-462D8017D081}.Deploy|x86.Build.0 = Deploy|x86
		{41AAF496-82E7-47C0-B250-462D8017D081}.Mgmt Release|Any CPU.ActiveCfg = Release|Any CPU
		{41AAF496-82E7-47C0-B250-462D8017D081}.Mgmt Release|Any CPU.Build.0 = Release|Any CPU
		{41AAF496-82E7-47C0-B250-462D8017D081}.Mgmt Release|Mixed Platforms.ActiveCfg = Release|x86
		{41AAF496-82E7-47C0-B250-462D8017D081}.Mgmt Release|Mixed Platforms.Build.0 = Release|x86
		{41AAF496-82E7-47C0-B250-462D8017D081}.Mgmt Release|x86.ActiveCfg = Release|x86
		{41AAF496-82E7-47C0-B250-462D8017D081}.Mgmt Release|x86.Build.0 = Release|x86
		{41AAF496-82E7-47C0-B250-462D8017D081}.Release|Any CPU.ActiveCfg = Release|Any CPU
		{41AAF496-82E7-47C0-B250-462D8017D081}.Release|Any CPU.Build.0 = Release|Any CPU
		{41AAF496-82E7-47C0-B250-462D8017D081}.Release|Mixed Platforms.ActiveCfg = Release|Any CPU
		{41AAF496-82E7-47C0-B250-462D8017D081}.Release|Mixed Platforms.Build.0 = Release|Any CPU
		{41AAF496-82E7-47C0-B250-462D8017D081}.Release|x86.ActiveCfg = Release|Any CPU
		{41AAF496-82E7-47C0-B250-462D8017D081}.Test Local|Any CPU.ActiveCfg = Test Local|Any CPU
		{41AAF496-82E7-47C0-B250-462D8017D081}.Test Local|Any CPU.Build.0 = Test Local|Any CPU
		{41AAF496-82E7-47C0-B250-462D8017D081}.Test Local|Mixed Platforms.ActiveCfg = Test Local|x86
		{41AAF496-82E7-47C0-B250-462D8017D081}.Test Local|Mixed Platforms.Build.0 = Test Local|x86
		{41AAF496-82E7-47C0-B250-462D8017D081}.Test Local|x86.ActiveCfg = Test Local|x86
		{41AAF496-82E7-47C0-B250-462D8017D081}.Test Local|x86.Build.0 = Test Local|x86
		{41AAF496-82E7-47C0-B250-462D8017D081}.Test Remote|Any CPU.ActiveCfg = Test Remote|Any CPU
		{41AAF496-82E7-47C0-B250-462D8017D081}.Test Remote|Any CPU.Build.0 = Test Remote|Any CPU
		{41AAF496-82E7-47C0-B250-462D8017D081}.Test Remote|Mixed Platforms.ActiveCfg = Test Remote|x86
		{41AAF496-82E7-47C0-B250-462D8017D081}.Test Remote|Mixed Platforms.Build.0 = Test Remote|x86
		{41AAF496-82E7-47C0-B250-462D8017D081}.Test Remote|x86.ActiveCfg = Test Remote|x86
		{41AAF496-82E7-47C0-B250-462D8017D081}.Test Remote|x86.Build.0 = Test Remote|x86
		{41AAF496-82E7-47C0-B250-462D8017D081}.WebShowInfo Release|Any CPU.ActiveCfg = Release|Any CPU
		{41AAF496-82E7-47C0-B250-462D8017D081}.WebShowInfo Release|Any CPU.Build.0 = Release|Any CPU
		{41AAF496-82E7-47C0-B250-462D8017D081}.WebShowInfo Release|Mixed Platforms.ActiveCfg = Release|x86
		{41AAF496-82E7-47C0-B250-462D8017D081}.WebShowInfo Release|Mixed Platforms.Build.0 = Release|x86
		{41AAF496-82E7-47C0-B250-462D8017D081}.WebShowInfo Release|x86.ActiveCfg = Release|x86
		{41AAF496-82E7-47C0-B250-462D8017D081}.WebShowInfo Release|x86.Build.0 = Release|x86
		{41AAF496-82E7-47C0-B250-462D8017D081}.Website Test Remote|Any CPU.ActiveCfg = Website Test Remote|Any CPU
		{41AAF496-82E7-47C0-B250-462D8017D081}.Website Test Remote|Any CPU.Build.0 = Website Test Remote|Any CPU
		{41AAF496-82E7-47C0-B250-462D8017D081}.Website Test Remote|Mixed Platforms.ActiveCfg = Website Test Remote|x86
		{41AAF496-82E7-47C0-B250-462D8017D081}.Website Test Remote|Mixed Platforms.Build.0 = Website Test Remote|x86
		{41AAF496-82E7-47C0-B250-462D8017D081}.Website Test Remote|x86.ActiveCfg = Website Test Remote|x86
		{41AAF496-82E7-47C0-B250-462D8017D081}.Website Test Remote|x86.Build.0 = Website Test Remote|x86
		{41AAF496-82E7-47C0-B250-462D8017D081}.Website Test|Any CPU.ActiveCfg = Website Test|Any CPU
		{41AAF496-82E7-47C0-B250-462D8017D081}.Website Test|Any CPU.Build.0 = Website Test|Any CPU
		{41AAF496-82E7-47C0-B250-462D8017D081}.Website Test|Mixed Platforms.ActiveCfg = Website Test|x86
		{41AAF496-82E7-47C0-B250-462D8017D081}.Website Test|Mixed Platforms.Build.0 = Website Test|x86
		{41AAF496-82E7-47C0-B250-462D8017D081}.Website Test|x86.ActiveCfg = Website Test|x86
		{41AAF496-82E7-47C0-B250-462D8017D081}.Website Test|x86.Build.0 = Website Test|x86
		{0299B0DB-77E3-4FA4-99E3-D35EE6701B4C}.Debug|Any CPU.ActiveCfg = Debug|Any CPU
		{0299B0DB-77E3-4FA4-99E3-D35EE6701B4C}.Debug|Any CPU.Build.0 = Debug|Any CPU
		{0299B0DB-77E3-4FA4-99E3-D35EE6701B4C}.Debug|Mixed Platforms.ActiveCfg = Debug|Any CPU
		{0299B0DB-77E3-4FA4-99E3-D35EE6701B4C}.Debug|Mixed Platforms.Build.0 = Debug|Any CPU
		{0299B0DB-77E3-4FA4-99E3-D35EE6701B4C}.Debug|x86.ActiveCfg = Debug|Any CPU
		{0299B0DB-77E3-4FA4-99E3-D35EE6701B4C}.Deploy|Any CPU.ActiveCfg = Debug|Any CPU
		{0299B0DB-77E3-4FA4-99E3-D35EE6701B4C}.Deploy|Any CPU.Build.0 = Debug|Any CPU
		{0299B0DB-77E3-4FA4-99E3-D35EE6701B4C}.Deploy|Mixed Platforms.ActiveCfg = Debug|Any CPU
		{0299B0DB-77E3-4FA4-99E3-D35EE6701B4C}.Deploy|Mixed Platforms.Build.0 = Debug|Any CPU
		{0299B0DB-77E3-4FA4-99E3-D35EE6701B4C}.Deploy|x86.ActiveCfg = Debug|Any CPU
		{0299B0DB-77E3-4FA4-99E3-D35EE6701B4C}.Mgmt Release|Any CPU.ActiveCfg = Mgmt Release|Any CPU
		{0299B0DB-77E3-4FA4-99E3-D35EE6701B4C}.Mgmt Release|Any CPU.Build.0 = Mgmt Release|Any CPU
		{0299B0DB-77E3-4FA4-99E3-D35EE6701B4C}.Mgmt Release|Mixed Platforms.ActiveCfg = Mgmt Release|Any CPU
		{0299B0DB-77E3-4FA4-99E3-D35EE6701B4C}.Mgmt Release|Mixed Platforms.Build.0 = Mgmt Release|Any CPU
		{0299B0DB-77E3-4FA4-99E3-D35EE6701B4C}.Mgmt Release|x86.ActiveCfg = Mgmt Release|Any CPU
		{0299B0DB-77E3-4FA4-99E3-D35EE6701B4C}.Release|Any CPU.ActiveCfg = Release|Any CPU
		{0299B0DB-77E3-4FA4-99E3-D35EE6701B4C}.Release|Any CPU.Build.0 = Release|Any CPU
		{0299B0DB-77E3-4FA4-99E3-D35EE6701B4C}.Release|Mixed Platforms.ActiveCfg = Release|Any CPU
		{0299B0DB-77E3-4FA4-99E3-D35EE6701B4C}.Release|Mixed Platforms.Build.0 = Release|Any CPU
		{0299B0DB-77E3-4FA4-99E3-D35EE6701B4C}.Release|x86.ActiveCfg = Release|Any CPU
		{0299B0DB-77E3-4FA4-99E3-D35EE6701B4C}.Test Local|Any CPU.ActiveCfg = Test Local|Any CPU
		{0299B0DB-77E3-4FA4-99E3-D35EE6701B4C}.Test Local|Any CPU.Build.0 = Test Local|Any CPU
		{0299B0DB-77E3-4FA4-99E3-D35EE6701B4C}.Test Local|Mixed Platforms.ActiveCfg = Test Local|Any CPU
		{0299B0DB-77E3-4FA4-99E3-D35EE6701B4C}.Test Local|Mixed Platforms.Build.0 = Test Local|Any CPU
		{0299B0DB-77E3-4FA4-99E3-D35EE6701B4C}.Test Local|x86.ActiveCfg = Test Local|Any CPU
		{0299B0DB-77E3-4FA4-99E3-D35EE6701B4C}.Test Remote|Any CPU.ActiveCfg = Test Remote|Any CPU
		{0299B0DB-77E3-4FA4-99E3-D35EE6701B4C}.Test Remote|Any CPU.Build.0 = Test Remote|Any CPU
		{0299B0DB-77E3-4FA4-99E3-D35EE6701B4C}.Test Remote|Mixed Platforms.ActiveCfg = Test Remote|Any CPU
		{0299B0DB-77E3-4FA4-99E3-D35EE6701B4C}.Test Remote|Mixed Platforms.Build.0 = Test Remote|Any CPU
		{0299B0DB-77E3-4FA4-99E3-D35EE6701B4C}.Test Remote|x86.ActiveCfg = Test Remote|Any CPU
		{0299B0DB-77E3-4FA4-99E3-D35EE6701B4C}.WebShowInfo Release|Any CPU.ActiveCfg = WebShowInfo Release|Any CPU
		{0299B0DB-77E3-4FA4-99E3-D35EE6701B4C}.WebShowInfo Release|Any CPU.Build.0 = WebShowInfo Release|Any CPU
		{0299B0DB-77E3-4FA4-99E3-D35EE6701B4C}.WebShowInfo Release|Mixed Platforms.ActiveCfg = WebShowInfo Release|Any CPU
		{0299B0DB-77E3-4FA4-99E3-D35EE6701B4C}.WebShowInfo Release|Mixed Platforms.Build.0 = WebShowInfo Release|Any CPU
		{0299B0DB-77E3-4FA4-99E3-D35EE6701B4C}.WebShowInfo Release|x86.ActiveCfg = WebShowInfo Release|Any CPU
		{0299B0DB-77E3-4FA4-99E3-D35EE6701B4C}.Website Test Remote|Any CPU.ActiveCfg = Website Test Remote|Any CPU
		{0299B0DB-77E3-4FA4-99E3-D35EE6701B4C}.Website Test Remote|Any CPU.Build.0 = Website Test Remote|Any CPU
		{0299B0DB-77E3-4FA4-99E3-D35EE6701B4C}.Website Test Remote|Mixed Platforms.ActiveCfg = Website Test Remote|Any CPU
		{0299B0DB-77E3-4FA4-99E3-D35EE6701B4C}.Website Test Remote|Mixed Platforms.Build.0 = Website Test Remote|Any CPU
		{0299B0DB-77E3-4FA4-99E3-D35EE6701B4C}.Website Test Remote|x86.ActiveCfg = Website Test Remote|Any CPU
		{0299B0DB-77E3-4FA4-99E3-D35EE6701B4C}.Website Test|Any CPU.ActiveCfg = Website Test|Any CPU
		{0299B0DB-77E3-4FA4-99E3-D35EE6701B4C}.Website Test|Any CPU.Build.0 = Website Test|Any CPU
		{0299B0DB-77E3-4FA4-99E3-D35EE6701B4C}.Website Test|Mixed Platforms.ActiveCfg = Website Test|Any CPU
		{0299B0DB-77E3-4FA4-99E3-D35EE6701B4C}.Website Test|Mixed Platforms.Build.0 = Website Test|Any CPU
		{0299B0DB-77E3-4FA4-99E3-D35EE6701B4C}.Website Test|x86.ActiveCfg = Website Test|Any CPU
	EndGlobalSection
	GlobalSection(SolutionProperties) = preSolution
		HideSolutionNode = FALSE
	EndGlobalSection
EndGlobal
